
Microsoft Visual Studio Solution File, Format Version 12.00
# Visual Studio Version 17
VisualStudioVersion = 17.6.33815.320
MinimumVisualStudioVersion = 10.0.40219.1
Project("{9A19103F-16F7-4668-BE54-9A1E7A4F7556}") = "Expediente", "Expediente.csproj", "{F14CF843-BA60-49C7-B5C8-A39A5E04364B}"
EndProject
Project("{2150E333-8FDC-42A3-9474-1A3956D46DE8}") = "Solution Items", "Solution Items", "{48810617-3AC8-499D-AE51-47DFA9B1C5F9}"
	ProjectSection(SolutionItems) = preProject
		.editorconfig = .editorconfig
	EndProjectSection
EndProject
Global
	GlobalSection(SolutionConfigurationPlatforms) = preSolution
		Debug|Any CPU = Debug|Any CPU
		Release|Any CPU = Release|Any CPU
	EndGlobalSection
	GlobalSection(ProjectConfigurationPlatforms) = postSolution
		{F14CF843-BA60-49C7-B5C8-A39A5E04364B}.Debug|Any CPU.ActiveCfg = Debug|Any CPU
		{F14CF843-BA60-49C7-B5C8-A39A5E04364B}.Debug|Any CPU.Build.0 = Debug|Any CPU
		{F14CF843-BA60-49C7-B5C8-A39A5E04364B}.Release|Any CPU.ActiveCfg = Release|Any CPU
		{F14CF843-BA60-49C7-B5C8-A39A5E04364B}.Release|Any CPU.Build.0 = Release|Any CPU
	EndGlobalSection
	GlobalSection(SolutionProperties) = preSolution
		HideSolutionNode = FALSE
	EndGlobalSection
	GlobalSection(ExtensibilityGlobals) = postSolution
		SolutionGuid = {50421A46-C486-4CA3-9EEC-3A4E44D442D1}
	EndGlobalSection
EndGlobal
